
Microsoft Visual Studio Solution File, Format Version 12.00
# Visual Studio 14
VisualStudioVersion = 14.0.25420.1
MinimumVisualStudioVersion = 10.0.40219.1
Project("{151D2E53-A2C4-4D7D-83FE-D05416EBD58E}") = "AzureSqlDatabase.GeneratePasswordDeploymentArmTemplate", "AzureSqlDatabase.GeneratePasswordDeploymentArmTemplate\AzureSqlDatabase.GeneratePasswordDeploymentArmTemplate.deployproj", "{30A31C53-C5D6-4E69-A68C-93733642ED75}"
EndProject
Global
	GlobalSection(SolutionConfigurationPlatforms) = preSolution
		Debug|Any CPU = Debug|Any CPU
		Release|Any CPU = Release|Any CPU
	EndGlobalSection
	GlobalSection(ProjectConfigurationPlatforms) = postSolution
		{30A31C53-C5D6-4E69-A68C-93733642ED75}.Debug|Any CPU.ActiveCfg = Debug|Any CPU
		{30A31C53-C5D6-4E69-A68C-93733642ED75}.Debug|Any CPU.Build.0 = Debug|Any CPU
		{30A31C53-C5D6-4E69-A68C-93733642ED75}.Release|Any CPU.ActiveCfg = Release|Any CPU
		{30A31C53-C5D6-4E69-A68C-93733642ED75}.Release|Any CPU.Build.0 = Release|Any CPU
	EndGlobalSection
	GlobalSection(SolutionProperties) = preSolution
		HideSolutionNode = FALSE
	EndGlobalSection
EndGlobal
